
Microsoft Visual Studio Solution File, Format Version 12.00
# Visual Studio Version 17
VisualStudioVersion = 17.1.32421.90
MinimumVisualStudioVersion = 10.0.40219.1
Project("{FAE04EC0-301F-11D3-BF4B-00C04F79EFBC}") = "RESTteacher", "RESTteacher\RESTteacher.csproj", "{1DB47BE3-7C4A-49AA-AB4A-16640A90F75B}"
EndProject
Project("{FAE04EC0-301F-11D3-BF4B-00C04F79EFBC}") = "RESTteacherTests", "RESTteacherTests\RESTteacherTests.csproj", "{D0ABD6C2-D5A1-4622-A0FF-84BEEA6625DC}"
EndProject
Global
	GlobalSection(SolutionConfigurationPlatforms) = preSolution
		Debug|Any CPU = Debug|Any CPU
		Release|Any CPU = Release|Any CPU
	EndGlobalSection
	GlobalSection(ProjectConfigurationPlatforms) = postSolution
		{1DB47BE3-7C4A-49AA-AB4A-16640A90F75B}.Debug|Any CPU.ActiveCfg = Debug|Any CPU
		{1DB47BE3-7C4A-49AA-AB4A-16640A90F75B}.Debug|Any CPU.Build.0 = Debug|Any CPU
		{1DB47BE3-7C4A-49AA-AB4A-16640A90F75B}.Release|Any CPU.ActiveCfg = Release|Any CPU
		{1DB47BE3-7C4A-49AA-AB4A-16640A90F75B}.Release|Any CPU.Build.0 = Release|Any CPU
		{D0ABD6C2-D5A1-4622-A0FF-84BEEA6625DC}.Debug|Any CPU.ActiveCfg = Debug|Any CPU
		{D0ABD6C2-D5A1-4622-A0FF-84BEEA6625DC}.Debug|Any CPU.Build.0 = Debug|Any CPU
		{D0ABD6C2-D5A1-4622-A0FF-84BEEA6625DC}.Release|Any CPU.ActiveCfg = Release|Any CPU
		{D0ABD6C2-D5A1-4622-A0FF-84BEEA6625DC}.Release|Any CPU.Build.0 = Release|Any CPU
	EndGlobalSection
	GlobalSection(SolutionProperties) = preSolution
		HideSolutionNode = FALSE
	EndGlobalSection
	GlobalSection(ExtensibilityGlobals) = postSolution
		SolutionGuid = {75CC1BD6-1D18-498D-80F7-4046F38A1EC5}
	EndGlobalSection
EndGlobal
